
Microsoft Visual Studio Solution File, Format Version 12.00
# Visual Studio Version 16
VisualStudioVersion = 16.0.32228.343
MinimumVisualStudioVersion = 10.0.40219.1
Project("{8BC9CEB8-8B4A-11D0-8D11-00A0C91BC942}") = "SimpleHV", "SimpleHV\SimpleHV.vcxproj", "{765D8EDF-0AC4-46BB-A797-30E5693BE641}"
EndProject
Project("{8BC9CEB8-8B4A-11D0-8D11-00A0C91BC942}") = "SimpleHVRunner", "SimpleHVRunner\SimpleHVRunner.vcxproj", "{98301748-B3DB-49B4-B26D-4AB807E88DD1}"
EndProject
Global
	GlobalSection(SolutionConfigurationPlatforms) = preSolution
		Debug|ARM = Debug|ARM
		Debug|ARM64 = Debug|ARM64
		Debug|x64 = Debug|x64
		Debug|x86 = Debug|x86
		Release|ARM = Release|ARM
		Release|ARM64 = Release|ARM64
		Release|x64 = Release|x64
		Release|x86 = Release|x86
	EndGlobalSection
	GlobalSection(ProjectConfigurationPlatforms) = postSolution
		{765D8EDF-0AC4-46BB-A797-30E5693BE641}.Debug|ARM.ActiveCfg = Debug|ARM
		{765D8EDF-0AC4-46BB-A797-30E5693BE641}.Debug|ARM.Build.0 = Debug|ARM
		{765D8EDF-0AC4-46BB-A797-30E5693BE641}.Debug|ARM.Deploy.0 = Debug|ARM
		{765D8EDF-0AC4-46BB-A797-30E5693BE641}.Debug|ARM64.ActiveCfg = Debug|ARM64
		{765D8EDF-0AC4-46BB-A797-30E5693BE641}.Debug|ARM64.Build.0 = Debug|ARM64
		{765D8EDF-0AC4-46BB-A797-30E5693BE641}.Debug|ARM64.Deploy.0 = Debug|ARM64
		{765D8EDF-0AC4-46BB-A797-30E5693BE641}.Debug|x64.ActiveCfg = Debug|x64
		{765D8EDF-0AC4-46BB-A797-30E5693BE641}.Debug|x64.Build.0 = Debug|x64
		{765D8EDF-0AC4-46BB-A797-30E5693BE641}.Debug|x64.Deploy.0 = Debug|x64
		{765D8EDF-0AC4-46BB-A797-30E5693BE641}.Debug|x86.ActiveCfg = Debug|Win32
		{765D8EDF-0AC4-46BB-A797-30E5693BE641}.Debug|x86.Build.0 = Debug|Win32
		{765D8EDF-0AC4-46BB-A797-30E5693BE641}.Debug|x86.Deploy.0 = Debug|Win32
		{765D8EDF-0AC4-46BB-A797-30E5693BE641}.Release|ARM.ActiveCfg = Release|ARM
		{765D8EDF-0AC4-46BB-A797-30E5693BE641}.Release|ARM.Build.0 = Release|ARM
		{765D8EDF-0AC4-46BB-A797-30E5693BE641}.Release|ARM.Deploy.0 = Release|ARM
		{765D8EDF-0AC4-46BB-A797-30E5693BE641}.Release|ARM64.ActiveCfg = Release|ARM64
		{765D8EDF-0AC4-46BB-A797-30E5693BE641}.Release|ARM64.Build.0 = Release|ARM64
		{765D8EDF-0AC4-46BB-A797-30E5693BE641}.Release|ARM64.Deploy.0 = Release|ARM64
		{765D8EDF-0AC4-46BB-A797-30E5693BE641}.Release|x64.ActiveCfg = Release|x64
		{765D8EDF-0AC4-46BB-A797-30E5693BE641}.Release|x64.Build.0 = Release|x64
		{765D8EDF-0AC4-46BB-A797-30E5693BE641}.Release|x64.Deploy.0 = Release|x64
		{765D8EDF-0AC4-46BB-A797-30E5693BE641}.Release|x86.ActiveCfg = Release|Win32
		{765D8EDF-0AC4-46BB-A797-30E5693BE641}.Release|x86.Build.0 = Release|Win32
		{765D8EDF-0AC4-46BB-A797-30E5693BE641}.Release|x86.Deploy.0 = Release|Win32
		{98301748-B3DB-49B4-B26D-4AB807E88DD1}.Debug|ARM.ActiveCfg = Debug|Win32
		{98301748-B3DB-49B4-B26D-4AB807E88DD1}.Debug|ARM64.ActiveCfg = Debug|Win32
		{98301748-B3DB-49B4-B26D-4AB807E88DD1}.Debug|x64.ActiveCfg = Debug|x64
		{98301748-B3DB-49B4-B26D-4AB807E88DD1}.Debug|x64.Build.0 = Debug|x64
		{98301748-B3DB-49B4-B26D-4AB807E88DD1}.Debug|x86.ActiveCfg = Debug|Win32
		{98301748-B3DB-49B4-B26D-4AB807E88DD1}.Debug|x86.Build.0 = Debug|Win32
		{98301748-B3DB-49B4-B26D-4AB807E88DD1}.Release|ARM.ActiveCfg = Release|Win32
		{98301748-B3DB-49B4-B26D-4AB807E88DD1}.Release|ARM64.ActiveCfg = Release|Win32
		{98301748-B3DB-49B4-B26D-4AB807E88DD1}.Release|x64.ActiveCfg = Release|x64
		{98301748-B3DB-49B4-B26D-4AB807E88DD1}.Release|x64.Build.0 = Release|x64
		{98301748-B3DB-49B4-B26D-4AB807E88DD1}.Release|x86.ActiveCfg = Release|Win32
		{98301748-B3DB-49B4-B26D-4AB807E88DD1}.Release|x86.Build.0 = Release|Win32
	EndGlobalSection
	GlobalSection(SolutionProperties) = preSolution
		HideSolutionNode = FALSE
	EndGlobalSection
	GlobalSection(ExtensibilityGlobals) = postSolution
		SolutionGuid = {260FFBC9-5DA3-4DCB-A60E-D8E30DFBF7D2}
	EndGlobalSection
EndGlobal
